
Microsoft Visual Studio Solution File, Format Version 12.00
# Visual Studio 2012
Project("{FAE04EC0-301F-11D3-BF4B-00C04F79EFBC}") = "PrototypeDesignPatternInCSharp.Net", "PrototypeDesignPatternInCSharp.Net\PrototypeDesignPatternInCSharp.Net.csproj", "{518EED8F-DC0E-4950-AE6E-0034BF231B5F}"
EndProject
Global
	GlobalSection(SolutionConfigurationPlatforms) = preSolution
		Debug|Any CPU = Debug|Any CPU
		Release|Any CPU = Release|Any CPU
	EndGlobalSection
	GlobalSection(ProjectConfigurationPlatforms) = postSolution
		{518EED8F-DC0E-4950-AE6E-0034BF231B5F}.Debug|Any CPU.ActiveCfg = Debug|Any CPU
		{518EED8F-DC0E-4950-AE6E-0034BF231B5F}.Debug|Any CPU.Build.0 = Debug|Any CPU
		{518EED8F-DC0E-4950-AE6E-0034BF231B5F}.Release|Any CPU.ActiveCfg = Release|Any CPU
		{518EED8F-DC0E-4950-AE6E-0034BF231B5F}.Release|Any CPU.Build.0 = Release|Any CPU
	EndGlobalSection
	GlobalSection(SolutionProperties) = preSolution
		HideSolutionNode = FALSE
	EndGlobalSection
EndGlobal
